
Microsoft Visual Studio Solution File, Format Version 12.00
# Visual Studio Version 17
VisualStudioVersion = 17.4.33122.133
MinimumVisualStudioVersion = 10.0.40219.1
Project("{FAE04EC0-301F-11D3-BF4B-00C04F79EFBC}") = "Entities", "Entities\Entities.csproj", "{73CA7CCA-AE92-4079-9FEB-0C01F2FA29BA}"
EndProject
Project("{FAE04EC0-301F-11D3-BF4B-00C04F79EFBC}") = "DataAccess", "DataAccess\DataAccess.csproj", "{25812705-CF13-450C-B6E1-000623B2A0E8}"
EndProject
Project("{FAE04EC0-301F-11D3-BF4B-00C04F79EFBC}") = "Business", "Business\Business.csproj", "{0D7E3276-6C03-4D4B-AED2-74B1F338E973}"
EndProject
Project("{FAE04EC0-301F-11D3-BF4B-00C04F79EFBC}") = "ConsoleUI", "ConsoleUI\ConsoleUI.csproj", "{3C5BF083-C66A-4D13-BA9F-726DF90E1525}"
EndProject
Global
	GlobalSection(SolutionConfigurationPlatforms) = preSolution
		Debug|Any CPU = Debug|Any CPU
		Release|Any CPU = Release|Any CPU
	EndGlobalSection
	GlobalSection(ProjectConfigurationPlatforms) = postSolution
		{73CA7CCA-AE92-4079-9FEB-0C01F2FA29BA}.Debug|Any CPU.ActiveCfg = Debug|Any CPU
		{73CA7CCA-AE92-4079-9FEB-0C01F2FA29BA}.Debug|Any CPU.Build.0 = Debug|Any CPU
		{73CA7CCA-AE92-4079-9FEB-0C01F2FA29BA}.Release|Any CPU.ActiveCfg = Release|Any CPU
		{73CA7CCA-AE92-4079-9FEB-0C01F2FA29BA}.Release|Any CPU.Build.0 = Release|Any CPU
		{25812705-CF13-450C-B6E1-000623B2A0E8}.Debug|Any CPU.ActiveCfg = Debug|Any CPU
		{25812705-CF13-450C-B6E1-000623B2A0E8}.Debug|Any CPU.Build.0 = Debug|Any CPU
		{25812705-CF13-450C-B6E1-000623B2A0E8}.Release|Any CPU.ActiveCfg = Release|Any CPU
		{25812705-CF13-450C-B6E1-000623B2A0E8}.Release|Any CPU.Build.0 = Release|Any CPU
		{0D7E3276-6C03-4D4B-AED2-74B1F338E973}.Debug|Any CPU.ActiveCfg = Debug|Any CPU
		{0D7E3276-6C03-4D4B-AED2-74B1F338E973}.Debug|Any CPU.Build.0 = Debug|Any CPU
		{0D7E3276-6C03-4D4B-AED2-74B1F338E973}.Release|Any CPU.ActiveCfg = Release|Any CPU
		{0D7E3276-6C03-4D4B-AED2-74B1F338E973}.Release|Any CPU.Build.0 = Release|Any CPU
		{3C5BF083-C66A-4D13-BA9F-726DF90E1525}.Debug|Any CPU.ActiveCfg = Debug|Any CPU
		{3C5BF083-C66A-4D13-BA9F-726DF90E1525}.Debug|Any CPU.Build.0 = Debug|Any CPU
		{3C5BF083-C66A-4D13-BA9F-726DF90E1525}.Release|Any CPU.ActiveCfg = Release|Any CPU
		{3C5BF083-C66A-4D13-BA9F-726DF90E1525}.Release|Any CPU.Build.0 = Release|Any CPU
	EndGlobalSection
	GlobalSection(SolutionProperties) = preSolution
		HideSolutionNode = FALSE
	EndGlobalSection
	GlobalSection(ExtensibilityGlobals) = postSolution
		SolutionGuid = {0B6880D0-EA88-422B-903F-EE79A937E517}
	EndGlobalSection
EndGlobal
